{
    "_readme": [
        "This file locks the dependencies of your project to a known state",
        "Read more about it at https://getcomposer.org/doc/01-basic-usage.md#installing-dependencies",
        "This file is @generated automatically"
    ],
    "content-hash": "ad295418e2d70305adf9415893395d94",
    "packages": [],
    "packages-dev": [
        {
            "name": "symplify/monorepo-builder",
            "version": "10.0.21",
            "source": {
                "type": "git",
                "url": "https://github.com/symplify/monorepo-builder.git",
                "reference": "2d4e00fd60582e799cd289f48a0f62a3753f1f41"
            },
            "dist": {
                "type": "zip",
                "url": "https://api.github.com/repos/symplify/monorepo-builder/zipball/2d4e00fd60582e799cd289f48a0f62a3753f1f41",
                "reference": "2d4e00fd60582e799cd289f48a0f62a3753f1f41",
                "shasum": ""
            },
            "require": {
                "php": ">=7.1"
            },
            "bin": [
                "bin/monorepo-builder"
            ],
            "type": "library",
            "extra": {
                "branch-alias": {
                    "dev-main": "9.5-dev"
                }
            },
            "notification-url": "https://packagist.org/downloads/",
            "license": [
                "MIT"
            ],
            "description": "Prefixed version of Not only Composer tools to build a Monorepo.",
            "support": {
                "source": "https://github.com/symplify/monorepo-builder/tree/10.0.21"
            },
            "funding": [
                {
                    "url": "https://www.paypal.me/rectorphp",
                    "type": "custom"
                },
                {
                    "url": "https://github.com/tomasvotruba",
                    "type": "github"
                }
            ],
            "time": "2022-02-04T16:34:30+00:00"
        }
    ],
    "aliases": [],
    "minimum-stability": "stable",
    "stability-flags": [],
    "prefer-stable": false,
    "prefer-lowest": false,
    "platform": [],
    "platform-dev": [],
    "plugin-api-version": "2.2.0"
}
