{
    "_readme": [
        "This file locks the dependencies of your project to a known state",
        "Read more about it at https://getcomposer.org/doc/01-basic-usage.md#installing-dependencies",
        "This file is @generated automatically"
    ],
    "content-hash": "a221d5d34efd2db3b84b40c57ec9a1b8",
    "packages": [],
    "packages-dev": [
        {
            "name": "symplify/monorepo-builder",
            "version": "9.4.13",
            "source": {
                "type": "git",
                "url": "https://github.com/symplify/monorepo-builder.git",
                "reference": "2a0d4ca512b0ef12f0c983542013c21bf8db00ea"
            },
            "dist": {
                "type": "zip",
                "url": "https://api.github.com/repos/symplify/monorepo-builder/zipball/2a0d4ca512b0ef12f0c983542013c21bf8db00ea",
                "reference": "2a0d4ca512b0ef12f0c983542013c21bf8db00ea",
                "shasum": ""
            },
            "require": {
                "php": ">=7.1"
            },
            "bin": [
                "bin/monorepo-builder"
            ],
            "type": "library",
            "notification-url": "https://packagist.org/downloads/",
            "license": [
                "MIT"
            ],
            "description": "Prefixed version of Not only Composer tools to build a Monorepo.",
            "support": {
                "source": "https://github.com/symplify/monorepo-builder/tree/9.4.13"
            },
            "funding": [
                {
                    "url": "https://www.paypal.me/rectorphp",
                    "type": "custom"
                },
                {
                    "url": "https://github.com/tomasvotruba",
                    "type": "github"
                }
            ],
            "time": "2021-07-07T09:59:41+00:00"
        }
    ],
    "aliases": [],
    "minimum-stability": "stable",
    "stability-flags": [],
    "prefer-stable": false,
    "prefer-lowest": false,
    "platform": [],
    "platform-dev": [],
    "plugin-api-version": "2.1.0"
}
